
Microsoft Visual Studio Solution File, Format Version 12.00
# Visual Studio Version 17
VisualStudioVersion = 17.9.34728.123
MinimumVisualStudioVersion = 10.0.40219.1
Project("{9A19103F-16F7-4668-BE54-9A1E7A4F7556}") = "WorldCities.Server", "WorldCities.Server\WorldCities.Server.csproj", "{77194627-EEEC-4C69-8771-D9FB3170C29A}"
EndProject
Project("{54A90642-561A-4BB1-A94E-469ADEE60C69}") = "worldcities.client", "worldcities.client\worldcities.client.esproj", "{69499807-7EB7-414E-9BD1-1BEFEA0E6F89}"
EndProject
Project("{9A19103F-16F7-4668-BE54-9A1E7A4F7556}") = "WorldCities.Server.Tests", "WorldCities.Server.Tests\WorldCities.Server.Tests.csproj", "{96587732-7FAB-48FF-9FA9-B1DDD4E9E664}"
EndProject
Global
	GlobalSection(SolutionConfigurationPlatforms) = preSolution
		Debug|Any CPU = Debug|Any CPU
		Release|Any CPU = Release|Any CPU
	EndGlobalSection
	GlobalSection(ProjectConfigurationPlatforms) = postSolution
		{77194627-EEEC-4C69-8771-D9FB3170C29A}.Debug|Any CPU.ActiveCfg = Debug|Any CPU
		{77194627-EEEC-4C69-8771-D9FB3170C29A}.Debug|Any CPU.Build.0 = Debug|Any CPU
		{77194627-EEEC-4C69-8771-D9FB3170C29A}.Release|Any CPU.ActiveCfg = Release|Any CPU
		{77194627-EEEC-4C69-8771-D9FB3170C29A}.Release|Any CPU.Build.0 = Release|Any CPU
		{69499807-7EB7-414E-9BD1-1BEFEA0E6F89}.Debug|Any CPU.ActiveCfg = Debug|Any CPU
		{69499807-7EB7-414E-9BD1-1BEFEA0E6F89}.Debug|Any CPU.Build.0 = Debug|Any CPU
		{69499807-7EB7-414E-9BD1-1BEFEA0E6F89}.Debug|Any CPU.Deploy.0 = Debug|Any CPU
		{69499807-7EB7-414E-9BD1-1BEFEA0E6F89}.Release|Any CPU.ActiveCfg = Release|Any CPU
		{69499807-7EB7-414E-9BD1-1BEFEA0E6F89}.Release|Any CPU.Build.0 = Release|Any CPU
		{69499807-7EB7-414E-9BD1-1BEFEA0E6F89}.Release|Any CPU.Deploy.0 = Release|Any CPU
		{96587732-7FAB-48FF-9FA9-B1DDD4E9E664}.Debug|Any CPU.ActiveCfg = Debug|Any CPU
		{96587732-7FAB-48FF-9FA9-B1DDD4E9E664}.Debug|Any CPU.Build.0 = Debug|Any CPU
		{96587732-7FAB-48FF-9FA9-B1DDD4E9E664}.Release|Any CPU.ActiveCfg = Release|Any CPU
		{96587732-7FAB-48FF-9FA9-B1DDD4E9E664}.Release|Any CPU.Build.0 = Release|Any CPU
	EndGlobalSection
	GlobalSection(SolutionProperties) = preSolution
		HideSolutionNode = FALSE
	EndGlobalSection
	GlobalSection(ExtensibilityGlobals) = postSolution
		SolutionGuid = {D249D24F-005C-45CB-9684-2DBD2D42E2A8}
	EndGlobalSection
EndGlobal
